
Microsoft Visual Studio Solution File, Format Version 12.00
# Visual Studio Version 17
VisualStudioVersion = 17.13.35806.99 d17.13
MinimumVisualStudioVersion = 10.0.40219.1
Project("{FAE04EC0-301F-11D3-BF4B-00C04F79EFBC}") = "TechLibrary.API", "TechLibrary.API\TechLibrary.API.csproj", "{08F3F0D1-76EC-4A93-8BA7-68240EB1C182}"
EndProject
Project("{FAE04EC0-301F-11D3-BF4B-00C04F79EFBC}") = "TechLibrary.Comunication", "TechLibrary.Comunication\TechLibrary.Comunication.csproj", "{0F84CF3F-E6E7-4F0D-BDB1-299494EF8262}"
EndProject
Project("{FAE04EC0-301F-11D3-BF4B-00C04F79EFBC}") = "TechLibrary.Exception", "TechLibrary.Exception\TechLibrary.Exception.csproj", "{EFA5E1CB-F741-455E-9F84-75623F5CC520}"
EndProject
Global
	GlobalSection(SolutionConfigurationPlatforms) = preSolution
		Debug|Any CPU = Debug|Any CPU
		Release|Any CPU = Release|Any CPU
	EndGlobalSection
	GlobalSection(ProjectConfigurationPlatforms) = postSolution
		{08F3F0D1-76EC-4A93-8BA7-68240EB1C182}.Debug|Any CPU.ActiveCfg = Debug|Any CPU
		{08F3F0D1-76EC-4A93-8BA7-68240EB1C182}.Debug|Any CPU.Build.0 = Debug|Any CPU
		{08F3F0D1-76EC-4A93-8BA7-68240EB1C182}.Release|Any CPU.ActiveCfg = Release|Any CPU
		{08F3F0D1-76EC-4A93-8BA7-68240EB1C182}.Release|Any CPU.Build.0 = Release|Any CPU
		{0F84CF3F-E6E7-4F0D-BDB1-299494EF8262}.Debug|Any CPU.ActiveCfg = Debug|Any CPU
		{0F84CF3F-E6E7-4F0D-BDB1-299494EF8262}.Debug|Any CPU.Build.0 = Debug|Any CPU
		{0F84CF3F-E6E7-4F0D-BDB1-299494EF8262}.Release|Any CPU.ActiveCfg = Release|Any CPU
		{0F84CF3F-E6E7-4F0D-BDB1-299494EF8262}.Release|Any CPU.Build.0 = Release|Any CPU
		{EFA5E1CB-F741-455E-9F84-75623F5CC520}.Debug|Any CPU.ActiveCfg = Debug|Any CPU
		{EFA5E1CB-F741-455E-9F84-75623F5CC520}.Debug|Any CPU.Build.0 = Debug|Any CPU
		{EFA5E1CB-F741-455E-9F84-75623F5CC520}.Release|Any CPU.ActiveCfg = Release|Any CPU
		{EFA5E1CB-F741-455E-9F84-75623F5CC520}.Release|Any CPU.Build.0 = Release|Any CPU
	EndGlobalSection
	GlobalSection(SolutionProperties) = preSolution
		HideSolutionNode = FALSE
	EndGlobalSection
	GlobalSection(ExtensibilityGlobals) = postSolution
		SolutionGuid = {70D04B31-498E-423D-BE43-D4915AB993A9}
	EndGlobalSection
EndGlobal
